{
  "name": "rigs4us",
  "version": "0.1.0",
  "lockfileVersion": 1,
  "requires": true,
  "dependencies": {
    "animated": {
      "version": "0.2.1",
      "resolved": "https://registry.npmjs.org/animated/-/animated-0.2.1.tgz",
      "integrity": "sha1-w+GcYCB1l0k+C5P58Amxt7xgPEE=",
      "requires": {
        "invariant": "2.2.2",
        "normalize-css-color": "1.0.2"
      }
    },
    "invariant": {
      "version": "2.2.2",
      "resolved": "https://registry.npmjs.org/invariant/-/invariant-2.2.2.tgz",
      "integrity": "sha1-nh9WrArNtr8wMwbzOL47IErmA2A=",
      "requires": {
        "loose-envify": "1.3.1"
      }
    },
    "js-tokens": {
      "version": "3.0.2",
      "resolved": "https://registry.npmjs.org/js-tokens/-/js-tokens-3.0.2.tgz",
      "integrity": "sha1-mGbfOVECEw449/mWvOtlRDIJwls="
    },
    "loose-envify": {
      "version": "1.3.1",
      "resolved": "https://registry.npmjs.org/loose-envify/-/loose-envify-1.3.1.tgz",
      "integrity": "sha1-0aitM/qc4OcT1l/dCsi3SNR4yEg=",
      "requires": {
        "js-tokens": "3.0.2"
      }
    },
    "normalize-css-color": {
      "version": "1.0.2",
      "resolved": "https://registry.npmjs.org/normalize-css-color/-/normalize-css-color-1.0.2.tgz",
      "integrity": "sha1-Apkel8zOxmI/5XOvu/Deah8+n40="
    },
    "react-springy-parallax": {
      "version": "1.2.0",
      "resolved": "https://registry.npmjs.org/react-springy-parallax/-/react-springy-parallax-1.2.0.tgz",
      "integrity": "sha512-sKQPQYKCja7RuuLNzIGQ4otv09JZUUXZodB1IR8zJOZyWQoYx16Y5MhXagR2E8fC/yCEZHqtrnBPFOElT0Sscg==",
      "requires": {
        "animated": "0.2.1"
      }
    }
  }
}
